
Microsoft Visual Studio Solution File, Format Version 12.00
# Visual Studio 15
VisualStudioVersion = 15.0.25807.0
MinimumVisualStudioVersion = 10.0.40219.1
Project("{2150E333-8FDC-42A3-9474-1A3956D46DE8}") = "Engine", "Engine", "{E7FCC9AA-4D37-48A0-B00F-91258554DC5D}"
EndProject
Project("{2150E333-8FDC-42A3-9474-1A3956D46DE8}") = "Enterprise", "Enterprise", "{760B50C0-19CA-4FD1-AACB-EB03B5EE4D9C}"
EndProject
Project("{2150E333-8FDC-42A3-9474-1A3956D46DE8}") = "Games", "Games", "{62F04799-C07C-486F-A179-9851867B3D93}"
EndProject
Project("{8BC9CEB8-8B4A-11D0-8D11-00A0C91BC942}") = "UE4", "Intermediate\ProjectFiles\UE4.vcxproj", "{0812DB2E-B033-48C9-A4C0-D212CE45CC71}"
EndProject
Project("{8BC9CEB8-8B4A-11D0-8D11-00A0C91BC942}") = "Studio", "Intermediate\ProjectFiles\Studio.vcxproj", "{8B3DCD8D-3A0A-4ADB-AACB-93F8685E5875}"
EndProject
Project("{8BC9CEB8-8B4A-11D0-8D11-00A0C91BC942}") = "M4GfxSISDemo", "Intermediate\ProjectFiles\M4GfxSISDemo.vcxproj", "{72B7B908-C212-4FAC-AAAA-8AFDD44327EB}"
EndProject
Project("{2150E333-8FDC-42A3-9474-1A3956D46DE8}") = "Visualizers", "Visualizers", "{AA16FCF7-C592-48A5-AC19-051703F4689B}"
	ProjectSection(SolutionItems) = preProject
		..\..\..\..\..\Program Files\Epic Games\UE_4.23\Engine\Extras\VisualStudioDebugging\UE4.natvis = ..\..\..\..\..\Program Files\Epic Games\UE_4.23\Engine\Extras\VisualStudioDebugging\UE4.natvis
	EndProjectSection
EndProject
Global
	GlobalSection(SolutionConfigurationPlatforms) = preSolution
		DebugGame Editor|HTML5 = DebugGame Editor|HTML5
		DebugGame Editor|Win32 = DebugGame Editor|Win32
		DebugGame Editor|Win64 = DebugGame Editor|Win64
		DebugGame|HTML5 = DebugGame|HTML5
		DebugGame|Win32 = DebugGame|Win32
		DebugGame|Win64 = DebugGame|Win64
		Development Editor|HTML5 = Development Editor|HTML5
		Development Editor|Win32 = Development Editor|Win32
		Development Editor|Win64 = Development Editor|Win64
		Development|HTML5 = Development|HTML5
		Development|Win32 = Development|Win32
		Development|Win64 = Development|Win64
		Shipping|HTML5 = Shipping|HTML5
		Shipping|Win32 = Shipping|Win32
		Shipping|Win64 = Shipping|Win64
	EndGlobalSection
	GlobalSection(ProjectConfigurationPlatforms) = postSolution
		{0812DB2E-B033-48C9-A4C0-D212CE45CC71}.DebugGame Editor|HTML5.ActiveCfg = BuiltWithUnrealBuildTool|Win32
		{0812DB2E-B033-48C9-A4C0-D212CE45CC71}.DebugGame Editor|Win32.ActiveCfg = BuiltWithUnrealBuildTool|Win32
		{0812DB2E-B033-48C9-A4C0-D212CE45CC71}.DebugGame Editor|Win64.ActiveCfg = BuiltWithUnrealBuildTool|Win32
		{0812DB2E-B033-48C9-A4C0-D212CE45CC71}.DebugGame|HTML5.ActiveCfg = BuiltWithUnrealBuildTool|Win32
		{0812DB2E-B033-48C9-A4C0-D212CE45CC71}.DebugGame|Win32.ActiveCfg = BuiltWithUnrealBuildTool|Win32
		{0812DB2E-B033-48C9-A4C0-D212CE45CC71}.DebugGame|Win64.ActiveCfg = BuiltWithUnrealBuildTool|Win32
		{0812DB2E-B033-48C9-A4C0-D212CE45CC71}.Development Editor|HTML5.ActiveCfg = BuiltWithUnrealBuildTool|Win32
		{0812DB2E-B033-48C9-A4C0-D212CE45CC71}.Development Editor|Win32.ActiveCfg = BuiltWithUnrealBuildTool|Win32
		{0812DB2E-B033-48C9-A4C0-D212CE45CC71}.Development Editor|Win64.ActiveCfg = BuiltWithUnrealBuildTool|Win32
		{0812DB2E-B033-48C9-A4C0-D212CE45CC71}.Development|HTML5.ActiveCfg = BuiltWithUnrealBuildTool|Win32
		{0812DB2E-B033-48C9-A4C0-D212CE45CC71}.Development|Win32.ActiveCfg = BuiltWithUnrealBuildTool|Win32
		{0812DB2E-B033-48C9-A4C0-D212CE45CC71}.Development|Win64.ActiveCfg = BuiltWithUnrealBuildTool|Win32
		{0812DB2E-B033-48C9-A4C0-D212CE45CC71}.Shipping|HTML5.ActiveCfg = BuiltWithUnrealBuildTool|Win32
		{0812DB2E-B033-48C9-A4C0-D212CE45CC71}.Shipping|Win32.ActiveCfg = BuiltWithUnrealBuildTool|Win32
		{0812DB2E-B033-48C9-A4C0-D212CE45CC71}.Shipping|Win64.ActiveCfg = BuiltWithUnrealBuildTool|Win32
		{8B3DCD8D-3A0A-4ADB-AACB-93F8685E5875}.DebugGame Editor|HTML5.ActiveCfg = BuiltWithUnrealBuildTool|Win32
		{8B3DCD8D-3A0A-4ADB-AACB-93F8685E5875}.DebugGame Editor|Win32.ActiveCfg = BuiltWithUnrealBuildTool|Win32
		{8B3DCD8D-3A0A-4ADB-AACB-93F8685E5875}.DebugGame Editor|Win64.ActiveCfg = BuiltWithUnrealBuildTool|Win32
		{8B3DCD8D-3A0A-4ADB-AACB-93F8685E5875}.DebugGame|HTML5.ActiveCfg = BuiltWithUnrealBuildTool|Win32
		{8B3DCD8D-3A0A-4ADB-AACB-93F8685E5875}.DebugGame|Win32.ActiveCfg = BuiltWithUnrealBuildTool|Win32
		{8B3DCD8D-3A0A-4ADB-AACB-93F8685E5875}.DebugGame|Win64.ActiveCfg = BuiltWithUnrealBuildTool|Win32
		{8B3DCD8D-3A0A-4ADB-AACB-93F8685E5875}.Development Editor|HTML5.ActiveCfg = BuiltWithUnrealBuildTool|Win32
		{8B3DCD8D-3A0A-4ADB-AACB-93F8685E5875}.Development Editor|Win32.ActiveCfg = BuiltWithUnrealBuildTool|Win32
		{8B3DCD8D-3A0A-4ADB-AACB-93F8685E5875}.Development Editor|Win64.ActiveCfg = BuiltWithUnrealBuildTool|Win32
		{8B3DCD8D-3A0A-4ADB-AACB-93F8685E5875}.Development|HTML5.ActiveCfg = BuiltWithUnrealBuildTool|Win32
		{8B3DCD8D-3A0A-4ADB-AACB-93F8685E5875}.Development|Win32.ActiveCfg = BuiltWithUnrealBuildTool|Win32
		{8B3DCD8D-3A0A-4ADB-AACB-93F8685E5875}.Development|Win64.ActiveCfg = BuiltWithUnrealBuildTool|Win32
		{8B3DCD8D-3A0A-4ADB-AACB-93F8685E5875}.Shipping|HTML5.ActiveCfg = BuiltWithUnrealBuildTool|Win32
		{8B3DCD8D-3A0A-4ADB-AACB-93F8685E5875}.Shipping|Win32.ActiveCfg = BuiltWithUnrealBuildTool|Win32
		{8B3DCD8D-3A0A-4ADB-AACB-93F8685E5875}.Shipping|Win64.ActiveCfg = BuiltWithUnrealBuildTool|Win32
		{72B7B908-C212-4FAC-AAAA-8AFDD44327EB}.DebugGame Editor|HTML5.ActiveCfg = Invalid|Win32
		{72B7B908-C212-4FAC-AAAA-8AFDD44327EB}.DebugGame Editor|Win32.ActiveCfg = Invalid|Win32
		{72B7B908-C212-4FAC-AAAA-8AFDD44327EB}.DebugGame Editor|Win64.ActiveCfg = DebugGame_Editor|x64
		{72B7B908-C212-4FAC-AAAA-8AFDD44327EB}.DebugGame Editor|Win64.Build.0 = DebugGame_Editor|x64
		{72B7B908-C212-4FAC-AAAA-8AFDD44327EB}.DebugGame|HTML5.ActiveCfg = HTML5_DebugGame|Win32
		{72B7B908-C212-4FAC-AAAA-8AFDD44327EB}.DebugGame|HTML5.Build.0 = HTML5_DebugGame|Win32
		{72B7B908-C212-4FAC-AAAA-8AFDD44327EB}.DebugGame|Win32.ActiveCfg = DebugGame|Win32
		{72B7B908-C212-4FAC-AAAA-8AFDD44327EB}.DebugGame|Win32.Build.0 = DebugGame|Win32
		{72B7B908-C212-4FAC-AAAA-8AFDD44327EB}.DebugGame|Win64.ActiveCfg = DebugGame|x64
		{72B7B908-C212-4FAC-AAAA-8AFDD44327EB}.DebugGame|Win64.Build.0 = DebugGame|x64
		{72B7B908-C212-4FAC-AAAA-8AFDD44327EB}.Development Editor|HTML5.ActiveCfg = Invalid|Win32
		{72B7B908-C212-4FAC-AAAA-8AFDD44327EB}.Development Editor|Win32.ActiveCfg = Invalid|Win32
		{72B7B908-C212-4FAC-AAAA-8AFDD44327EB}.Development Editor|Win64.ActiveCfg = Development_Editor|x64
		{72B7B908-C212-4FAC-AAAA-8AFDD44327EB}.Development Editor|Win64.Build.0 = Development_Editor|x64
		{72B7B908-C212-4FAC-AAAA-8AFDD44327EB}.Development|HTML5.ActiveCfg = HTML5_Development|Win32
		{72B7B908-C212-4FAC-AAAA-8AFDD44327EB}.Development|HTML5.Build.0 = HTML5_Development|Win32
		{72B7B908-C212-4FAC-AAAA-8AFDD44327EB}.Development|Win32.ActiveCfg = Development|Win32
		{72B7B908-C212-4FAC-AAAA-8AFDD44327EB}.Development|Win32.Build.0 = Development|Win32
		{72B7B908-C212-4FAC-AAAA-8AFDD44327EB}.Development|Win64.ActiveCfg = Development|x64
		{72B7B908-C212-4FAC-AAAA-8AFDD44327EB}.Development|Win64.Build.0 = Development|x64
		{72B7B908-C212-4FAC-AAAA-8AFDD44327EB}.Shipping|HTML5.ActiveCfg = HTML5_Shipping|Win32
		{72B7B908-C212-4FAC-AAAA-8AFDD44327EB}.Shipping|HTML5.Build.0 = HTML5_Shipping|Win32
		{72B7B908-C212-4FAC-AAAA-8AFDD44327EB}.Shipping|Win32.ActiveCfg = Shipping|Win32
		{72B7B908-C212-4FAC-AAAA-8AFDD44327EB}.Shipping|Win32.Build.0 = Shipping|Win32
		{72B7B908-C212-4FAC-AAAA-8AFDD44327EB}.Shipping|Win64.ActiveCfg = Shipping|x64
		{72B7B908-C212-4FAC-AAAA-8AFDD44327EB}.Shipping|Win64.Build.0 = Shipping|x64
	EndGlobalSection
	GlobalSection(SolutionProperties) = preSolution
		HideSolutionNode = FALSE
	EndGlobalSection
	GlobalSection(NestedProjects) = preSolution
		{0812DB2E-B033-48C9-A4C0-D212CE45CC71} = {E7FCC9AA-4D37-48A0-B00F-91258554DC5D}
		{8B3DCD8D-3A0A-4ADB-AACB-93F8685E5875} = {760B50C0-19CA-4FD1-AACB-EB03B5EE4D9C}
		{72B7B908-C212-4FAC-AAAA-8AFDD44327EB} = {62F04799-C07C-486F-A179-9851867B3D93}
	EndGlobalSection
EndGlobal
